
Microsoft Visual Studio Solution File, Format Version 11.00
# Visual Studio 2010
Project("{FAE04EC0-301F-11D3-BF4B-00C04F79EFBC}") = "PasswordChanger", "PasswordChanger\PasswordChanger.csproj", "{302EA720-46AF-4D0A-A22B-08B56E9947BA}"
EndProject
Global
	GlobalSection(SolutionConfigurationPlatforms) = preSolution
		Debug|x86 = Debug|x86
		Release|x86 = Release|x86
	EndGlobalSection
	GlobalSection(ProjectConfigurationPlatforms) = postSolution
		{302EA720-46AF-4D0A-A22B-08B56E9947BA}.Debug|x86.ActiveCfg = Debug|x86
		{302EA720-46AF-4D0A-A22B-08B56E9947BA}.Debug|x86.Build.0 = Debug|x86
		{302EA720-46AF-4D0A-A22B-08B56E9947BA}.Release|x86.ActiveCfg = Release|x86
		{302EA720-46AF-4D0A-A22B-08B56E9947BA}.Release|x86.Build.0 = Release|x86
	EndGlobalSection
	GlobalSection(SolutionProperties) = preSolution
		HideSolutionNode = FALSE
	EndGlobalSection
EndGlobal
